
Microsoft Visual Studio Solution File, Format Version 12.00
# Visual Studio Version 17
VisualStudioVersion = 17.3.32825.248
MinimumVisualStudioVersion = 10.0.40219.1
Project("{9A19103F-16F7-4668-BE54-9A1E7A4F7556}") = "ContosoPizza", "ContosoPizza\ContosoPizza.csproj", "{6332EDB7-A4E9-486A-83C1-4392F0D6F74A}"
EndProject
Global
	GlobalSection(SolutionConfigurationPlatforms) = preSolution
		Debug|Any CPU = Debug|Any CPU
		Release|Any CPU = Release|Any CPU
	EndGlobalSection
	GlobalSection(ProjectConfigurationPlatforms) = postSolution
		{6332EDB7-A4E9-486A-83C1-4392F0D6F74A}.Debug|Any CPU.ActiveCfg = Debug|Any CPU
		{6332EDB7-A4E9-486A-83C1-4392F0D6F74A}.Debug|Any CPU.Build.0 = Debug|Any CPU
		{6332EDB7-A4E9-486A-83C1-4392F0D6F74A}.Release|Any CPU.ActiveCfg = Release|Any CPU
		{6332EDB7-A4E9-486A-83C1-4392F0D6F74A}.Release|Any CPU.Build.0 = Release|Any CPU
	EndGlobalSection
	GlobalSection(SolutionProperties) = preSolution
		HideSolutionNode = FALSE
	EndGlobalSection
	GlobalSection(ExtensibilityGlobals) = postSolution
		SolutionGuid = {56374444-6A31-4E03-9F92-2ADACF43A911}
	EndGlobalSection
EndGlobal
